
Microsoft Visual Studio Solution File, Format Version 12.00
# Visual Studio 2013
VisualStudioVersion = 12.0.31101.0
MinimumVisualStudioVersion = 10.0.40219.1
Project("{FAE04EC0-301F-11D3-BF4B-00C04F79EFBC}") = "JsonNetDemo", "JsonNetDemo\JsonNetDemo.csproj", "{03F3B93D-F94E-4742-BC37-C046D13F6176}"
EndProject
Project("{FAE04EC0-301F-11D3-BF4B-00C04F79EFBC}") = "JsonNetDemoTest", "JsonNetDemoTest\JsonNetDemoTest.csproj", "{43A46E63-B119-4DF3-A0CF-C05359D1B3CF}"
EndProject
Global
	GlobalSection(SolutionConfigurationPlatforms) = preSolution
		Debug|Any CPU = Debug|Any CPU
		Release|Any CPU = Release|Any CPU
	EndGlobalSection
	GlobalSection(ProjectConfigurationPlatforms) = postSolution
		{03F3B93D-F94E-4742-BC37-C046D13F6176}.Debug|Any CPU.ActiveCfg = Debug|Any CPU
		{03F3B93D-F94E-4742-BC37-C046D13F6176}.Debug|Any CPU.Build.0 = Debug|Any CPU
		{03F3B93D-F94E-4742-BC37-C046D13F6176}.Release|Any CPU.ActiveCfg = Release|Any CPU
		{03F3B93D-F94E-4742-BC37-C046D13F6176}.Release|Any CPU.Build.0 = Release|Any CPU
		{43A46E63-B119-4DF3-A0CF-C05359D1B3CF}.Debug|Any CPU.ActiveCfg = Debug|Any CPU
		{43A46E63-B119-4DF3-A0CF-C05359D1B3CF}.Debug|Any CPU.Build.0 = Debug|Any CPU
		{43A46E63-B119-4DF3-A0CF-C05359D1B3CF}.Release|Any CPU.ActiveCfg = Release|Any CPU
		{43A46E63-B119-4DF3-A0CF-C05359D1B3CF}.Release|Any CPU.Build.0 = Release|Any CPU
	EndGlobalSection
	GlobalSection(SolutionProperties) = preSolution
		HideSolutionNode = FALSE
	EndGlobalSection
EndGlobal
